
Microsoft Visual Studio Solution File, Format Version 12.00
# Visual Studio Version 16
VisualStudioVersion = 16.0.31321.278
MinimumVisualStudioVersion = 10.0.40219.1
Project("{8BC9CEB8-8B4A-11D0-8D11-00A0C91BC942}") = "ArrayList", "ArrayList\ArrayList.vcxproj", "{DB0ADD6E-364E-4608-94C0-F7E525294C14}"
EndProject
Global
	GlobalSection(SolutionConfigurationPlatforms) = preSolution
		Debug|x64 = Debug|x64
		Debug|x86 = Debug|x86
		Release|x64 = Release|x64
		Release|x86 = Release|x86
	EndGlobalSection
	GlobalSection(ProjectConfigurationPlatforms) = postSolution
		{DB0ADD6E-364E-4608-94C0-F7E525294C14}.Debug|x64.ActiveCfg = Debug|x64
		{DB0ADD6E-364E-4608-94C0-F7E525294C14}.Debug|x64.Build.0 = Debug|x64
		{DB0ADD6E-364E-4608-94C0-F7E525294C14}.Debug|x86.ActiveCfg = Debug|Win32
		{DB0ADD6E-364E-4608-94C0-F7E525294C14}.Debug|x86.Build.0 = Debug|Win32
		{DB0ADD6E-364E-4608-94C0-F7E525294C14}.Release|x64.ActiveCfg = Release|x64
		{DB0ADD6E-364E-4608-94C0-F7E525294C14}.Release|x64.Build.0 = Release|x64
		{DB0ADD6E-364E-4608-94C0-F7E525294C14}.Release|x86.ActiveCfg = Release|Win32
		{DB0ADD6E-364E-4608-94C0-F7E525294C14}.Release|x86.Build.0 = Release|Win32
	EndGlobalSection
	GlobalSection(SolutionProperties) = preSolution
		HideSolutionNode = FALSE
	EndGlobalSection
	GlobalSection(ExtensibilityGlobals) = postSolution
		SolutionGuid = {6D5D3E69-A369-4A47-8A42-D90A305574B0}
	EndGlobalSection
EndGlobal
